
Microsoft Visual Studio Solution File, Format Version 12.00
# Visual Studio Version 16
VisualStudioVersion = 16.0.30523.141
MinimumVisualStudioVersion = 10.0.40219.1
Project("{FAE04EC0-301F-11D3-BF4B-00C04F79EFBC}") = "Eokul", "Eokul\Eokul.csproj", "{B28B0EE3-BBE6-45B3-9050-B7AC62E6403B}"
EndProject
Global
	GlobalSection(SolutionConfigurationPlatforms) = preSolution
		Debug|Any CPU = Debug|Any CPU
		Release|Any CPU = Release|Any CPU
	EndGlobalSection
	GlobalSection(ProjectConfigurationPlatforms) = postSolution
		{B28B0EE3-BBE6-45B3-9050-B7AC62E6403B}.Debug|Any CPU.ActiveCfg = Debug|Any CPU
		{B28B0EE3-BBE6-45B3-9050-B7AC62E6403B}.Debug|Any CPU.Build.0 = Debug|Any CPU
		{B28B0EE3-BBE6-45B3-9050-B7AC62E6403B}.Release|Any CPU.ActiveCfg = Release|Any CPU
		{B28B0EE3-BBE6-45B3-9050-B7AC62E6403B}.Release|Any CPU.Build.0 = Release|Any CPU
	EndGlobalSection
	GlobalSection(SolutionProperties) = preSolution
		HideSolutionNode = FALSE
	EndGlobalSection
	GlobalSection(ExtensibilityGlobals) = postSolution
		SolutionGuid = {61A96577-00C5-403B-8D13-1496A3DA6099}
	EndGlobalSection
EndGlobal
